{
  "name": "echart-drop-dill",
  "version": "1.0.0",
  "lockfileVersion": 1,
  "requires": true,
  "dependencies": {
    "echarts": {
      "version": "3.6.1",
      "resolved": "http://registry.npm.taobao.org/echarts/download/echarts-3.6.1.tgz",
      "integrity": "sha1-bLMRc8asBbpxOmE8303XIUXgq28="
    },
    "jquery": {
      "version": "3.5.0",
      "resolved": "https://registry.npmjs.org/jquery/-/jquery-3.5.0.tgz",
      "integrity": "sha512-Xb7SVYMvygPxbFMpTFQiHh1J7HClEaThguL15N/Gg37Lri/qKyhRGZYzHRyLH8Stq3Aow0LsHO2O2ci86fCrNQ=="
    },
    "webpack": {
      "version": "2.6.1",
      "resolved": "http://registry.npm.taobao.org/webpack/download/webpack-2.6.1.tgz",
      "integrity": "sha1-LgRX8KuxrF3zqxBsacZy8jZ4Xwc=",
      "dev": true
    },
    "webpack-dev-server": {
      "version": "2.4.5",
      "resolved": "http://registry.npm.taobao.org/webpack-dev-server/download/webpack-dev-server-2.4.5.tgz",
      "integrity": "sha1-MThM6BE2vhCAtLTN4OubkOVO5s8=",
      "dev": true
    }
  }
}
